
Microsoft Visual Studio Solution File, Format Version 12.00
# Visual Studio Version 16
VisualStudioVersion = 16.0.30611.23
MinimumVisualStudioVersion = 10.0.40219.1
Project("{FAE04EC0-301F-11D3-BF4B-00C04F79EFBC}") = "XliffTranslate", "XliffTranslate.csproj", "{EC35B4B7-20DB-4491-84F3-F5152215DE98}"
EndProject
Global
	GlobalSection(SolutionConfigurationPlatforms) = preSolution
		Debug|Any CPU = Debug|Any CPU
		Release|Any CPU = Release|Any CPU
	EndGlobalSection
	GlobalSection(ProjectConfigurationPlatforms) = postSolution
		{EC35B4B7-20DB-4491-84F3-F5152215DE98}.Debug|Any CPU.ActiveCfg = Debug|Any CPU
		{EC35B4B7-20DB-4491-84F3-F5152215DE98}.Debug|Any CPU.Build.0 = Debug|Any CPU
		{EC35B4B7-20DB-4491-84F3-F5152215DE98}.Release|Any CPU.ActiveCfg = Release|Any CPU
		{EC35B4B7-20DB-4491-84F3-F5152215DE98}.Release|Any CPU.Build.0 = Release|Any CPU
	EndGlobalSection
	GlobalSection(SolutionProperties) = preSolution
		HideSolutionNode = FALSE
	EndGlobalSection
	GlobalSection(ExtensibilityGlobals) = postSolution
		SolutionGuid = {2C094C6C-E759-49A9-9464-47DBFB294159}
	EndGlobalSection
EndGlobal
